
Microsoft Visual Studio Solution File, Format Version 12.00
# Visual Studio Version 16
VisualStudioVersion = 16.0.29911.84
MinimumVisualStudioVersion = 10.0.40219.1
Project("{FAE04EC0-301F-11D3-BF4B-00C04F79EFBC}") = "ORKK", "ORKK\ORKK.csproj", "{4E63F357-A11F-452C-BBED-53F7B9332C47}"
EndProject
Global
	GlobalSection(SolutionConfigurationPlatforms) = preSolution
		Debug|Any CPU = Debug|Any CPU
		Release|Any CPU = Release|Any CPU
	EndGlobalSection
	GlobalSection(ProjectConfigurationPlatforms) = postSolution
		{4E63F357-A11F-452C-BBED-53F7B9332C47}.Debug|Any CPU.ActiveCfg = Debug|Any CPU
		{4E63F357-A11F-452C-BBED-53F7B9332C47}.Debug|Any CPU.Build.0 = Debug|Any CPU
		{4E63F357-A11F-452C-BBED-53F7B9332C47}.Release|Any CPU.ActiveCfg = Release|Any CPU
		{4E63F357-A11F-452C-BBED-53F7B9332C47}.Release|Any CPU.Build.0 = Release|Any CPU
	EndGlobalSection
	GlobalSection(SolutionProperties) = preSolution
		HideSolutionNode = FALSE
	EndGlobalSection
	GlobalSection(ExtensibilityGlobals) = postSolution
		SolutionGuid = {C081F2B0-264F-49FB-A243-55085FC940AC}
	EndGlobalSection
EndGlobal
